// !$*UTF8*$!
{
	archiveVersion = 1;
	classes = {
	};
	objectVersion = 46;
	objects = {

/* Begin PBXBuildFile section */
		27374AED1AF1C3DE003A1105 /* VGSetPrefViewController.m in Sources */ = {isa = PBXBuildFile; fileRef = 27374AEC1AF1C3DE003A1105 /* VGSetPrefViewController.m */; };
		273B6CE41AEB53400089FB28 /* main.m in Sources */ = {isa = PBXBuildFile; fileRef = 273B6CE31AEB53400089FB28 /* main.m */; };
		273B6CE71AEB53400089FB28 /* AppDelegate.m in Sources */ = {isa = PBXBuildFile; fileRef = 273B6CE61AEB53400089FB28 /* AppDelegate.m */; };
		273B6CEA1AEB53400089FB28 /* VGLoginViewController.m in Sources */ = {isa = PBXBuildFile; fileRef = 273B6CE91AEB53400089FB28 /* VGLoginViewController.m */; };
		273B6CED1AEB53400089FB28 /* Main.storyboard in Resources */ = {isa = PBXBuildFile; fileRef = 273B6CEB1AEB53400089FB28 /* Main.storyboard */; };
		273B6CEF1AEB53400089FB28 /* Images.xcassets in Resources */ = {isa = PBXBuildFile; fileRef = 273B6CEE1AEB53400089FB28 /* Images.xcassets */; };
		273B6CF21AEB53400089FB28 /* LaunchScreen.xib in Resources */ = {isa = PBXBuildFile; fileRef = 273B6CF01AEB53400089FB28 /* LaunchScreen.xib */; };
		273B6CFE1AEB53400089FB28 /* DragonTests.m in Sources */ = {isa = PBXBuildFile; fileRef = 273B6CFD1AEB53400089FB28 /* DragonTests.m */; };
		273B6D081AEB53F30089FB28 /* DragonPropertiesList.plist in Resources */ = {isa = PBXBuildFile; fileRef = 273B6D071AEB53F30089FB28 /* DragonPropertiesList.plist */; };
		276BDF721AEDB97C00D6351A /* VGSetPasswordViewController.m in Sources */ = {isa = PBXBuildFile; fileRef = 276BDF711AEDB97C00D6351A /* VGSetPasswordViewController.m */; };
		276BDF751AF0A56600D6351A /* VGPassWordTextFieldDelegate.m in Sources */ = {isa = PBXBuildFile; fileRef = 276BDF741AF0A56600D6351A /* VGPassWordTextFieldDelegate.m */; };
/* End PBXBuildFile section */

/* Begin PBXContainerItemProxy section */
		273B6CF81AEB53400089FB28 /* PBXContainerItemProxy */ = {
			isa = PBXContainerItemProxy;
			containerPortal = 273B6CD61AEB53400089FB28 /* Project object */;
			proxyType = 1;
			remoteGlobalIDString = 273B6CDD1AEB53400089FB28;
			remoteInfo = Dragon;
		};
/* End PBXContainerItemProxy section */

/* Begin PBXFileReference section */
		27374AEB1AF1C3DE003A1105 /* VGSetPrefViewController.h */ = {isa = PBXFileReference; fileEncoding = 4; lastKnownFileType = sourcecode.c.h; path = VGSetPrefViewController.h; sourceTree = "<group>"; };
		27374AEC1AF1C3DE003A1105 /* VGSetPrefViewController.m */ = {isa = PBXFileReference; fileEncoding = 4; lastKnownFileType = sourcecode.c.objc; path = VGSetPrefViewController.m; sourceTree = "<group>"; };
		273B6CDE1AEB53400089FB28 /* Dragon.app */ = {isa = PBXFileReference; explicitFileType = wrapper.application; includeInIndex = 0; path = Dragon.app; sourceTree = BUILT_PRODUCTS_DIR; };
		273B6CE21AEB53400089FB28 /* Info.plist */ = {isa = PBXFileReference; lastKnownFileType = text.plist.xml; path = Info.plist; sourceTree = "<group>"; };
		273B6CE31AEB53400089FB28 /* main.m */ = {isa = PBXFileReference; lastKnownFileType = sourcecode.c.objc; path = main.m; sourceTree = "<group>"; };
		273B6CE51AEB53400089FB28 /* AppDelegate.h */ = {isa = PBXFileReference; lastKnownFileType = sourcecode.c.h; path = AppDelegate.h; sourceTree = "<group>"; };
		273B6CE61AEB53400089FB28 /* AppDelegate.m */ = {isa = PBXFileReference; lastKnownFileType = sourcecode.c.objc; path = AppDelegate.m; sourceTree = "<group>"; };
		273B6CE81AEB53400089FB28 /* VGLoginViewController.h */ = {isa = PBXFileReference; lastKnownFileType = sourcecode.c.h; path = VGLoginViewController.h; sourceTree = "<group>"; };
		273B6CE91AEB53400089FB28 /* VGLoginViewController.m */ = {isa = PBXFileReference; lastKnownFileType = sourcecode.c.objc; path = VGLoginViewController.m; sourceTree = "<group>"; };
		273B6CEC1AEB53400089FB28 /* Base */ = {isa = PBXFileReference; lastKnownFileType = file.storyboard; name = Base; path = Base.lproj/Main.storyboard; sourceTree = "<group>"; };
		273B6CEE1AEB53400089FB28 /* Images.xcassets */ = {isa = PBXFileReference; lastKnownFileType = folder.assetcatalog; path = Images.xcassets; sourceTree = "<group>"; };
		273B6CF11AEB53400089FB28 /* Base */ = {isa = PBXFileReference; lastKnownFileType = file.xib; name = Base; path = Base.lproj/LaunchScreen.xib; sourceTree = "<group>"; };
		273B6CF71AEB53400089FB28 /* DragonTests.xctest */ = {isa = PBXFileReference; explicitFileType = wrapper.cfbundle; includeInIndex = 0; path = DragonTests.xctest; sourceTree = BUILT_PRODUCTS_DIR; };
		273B6CFC1AEB53400089FB28 /* Info.plist */ = {isa = PBXFileReference; lastKnownFileType = text.plist.xml; path = Info.plist; sourceTree = "<group>"; };
		273B6CFD1AEB53400089FB28 /* DragonTests.m */ = {isa = PBXFileReference; lastKnownFileType = sourcecode.c.objc; path = DragonTests.m; sourceTree = "<group>"; };
		273B6D071AEB53F30089FB28 /* DragonPropertiesList.plist */ = {isa = PBXFileReference; fileEncoding = 4; lastKnownFileType = text.plist.xml; path = DragonPropertiesList.plist; sourceTree = "<group>"; };
		276BDF701AEDB97C00D6351A /* VGSetPasswordViewController.h */ = {isa = PBXFileReference; fileEncoding = 4; lastKnownFileType = sourcecode.c.h; path = VGSetPasswordViewController.h; sourceTree = "<group>"; };
		276BDF711AEDB97C00D6351A /* VGSetPasswordViewController.m */ = {isa = PBXFileReference; fileEncoding = 4; lastKnownFileType = sourcecode.c.objc; path = VGSetPasswordViewController.m; sourceTree = "<group>"; };
		276BDF731AF0A56600D6351A /* VGPassWordTextFieldDelegate.h */ = {isa = PBXFileReference; fileEncoding = 4; lastKnownFileType = sourcecode.c.h; path = VGPassWordTextFieldDelegate.h; sourceTree = "<group>"; };
		276BDF741AF0A56600D6351A /* VGPassWordTextFieldDelegate.m */ = {isa = PBXFileReference; fileEncoding = 4; lastKnownFileType = sourcecode.c.objc; path = VGPassWordTextFieldDelegate.m; sourceTree = "<group>"; };
/* End PBXFileReference section */

/* Begin PBXFrameworksBuildPhase section */
		273B6CDB1AEB53400089FB28 /* Frameworks */ = {
			isa = PBXFrameworksBuildPhase;
			buildActionMask = 2147483647;
			files = (
			);
			runOnlyForDeploymentPostprocessing = 0;
		};
		273B6CF41AEB53400089FB28 /* Frameworks */ = {
			isa = PBXFrameworksBuildPhase;
			buildActionMask = 2147483647;
			files = (
			);
			runOnlyForDeploymentPostprocessing = 0;
		};
/* End PBXFrameworksBuildPhase section */

/* Begin PBXGroup section */
		273B6CD51AEB53400089FB28 = {
			isa = PBXGroup;
			children = (
				273B6CE01AEB53400089FB28 /* Dragon */,
				273B6CFA1AEB53400089FB28 /* DragonTests */,
				273B6CDF1AEB53400089FB28 /* Products */,
			);
			sourceTree = "<group>";
		};
		273B6CDF1AEB53400089FB28 /* Products */ = {
			isa = PBXGroup;
			children = (
				273B6CDE1AEB53400089FB28 /* Dragon.app */,
				273B6CF71AEB53400089FB28 /* DragonTests.xctest */,
			);
			name = Products;
			sourceTree = "<group>";
		};
		273B6CE01AEB53400089FB28 /* Dragon */ = {
			isa = PBXGroup;
			children = (
				276BDF731AF0A56600D6351A /* VGPassWordTextFieldDelegate.h */,
				276BDF741AF0A56600D6351A /* VGPassWordTextFieldDelegate.m */,
				273B6CE51AEB53400089FB28 /* AppDelegate.h */,
				276BDF701AEDB97C00D6351A /* VGSetPasswordViewController.h */,
				276BDF711AEDB97C00D6351A /* VGSetPasswordViewController.m */,
				273B6CE61AEB53400089FB28 /* AppDelegate.m */,
				273B6CE81AEB53400089FB28 /* VGLoginViewController.h */,
				273B6CE91AEB53400089FB28 /* VGLoginViewController.m */,
				273B6CEB1AEB53400089FB28 /* Main.storyboard */,
				273B6CEE1AEB53400089FB28 /* Images.xcassets */,
				273B6CF01AEB53400089FB28 /* LaunchScreen.xib */,
				273B6CE11AEB53400089FB28 /* Supporting Files */,
				27374AEB1AF1C3DE003A1105 /* VGSetPrefViewController.h */,
				27374AEC1AF1C3DE003A1105 /* VGSetPrefViewController.m */,
			);
			path = Dragon;
			sourceTree = "<group>";
		};
		273B6CE11AEB53400089FB28 /* Supporting Files */ = {
			isa = PBXGroup;
			children = (
				273B6CE21AEB53400089FB28 /* Info.plist */,
				273B6CE31AEB53400089FB28 /* main.m */,
				273B6D071AEB53F30089FB28 /* DragonPropertiesList.plist */,
			);
			name = "Supporting Files";
			sourceTree = "<group>";
		};
		273B6CFA1AEB53400089FB28 /* DragonTests */ = {
			isa = PBXGroup;
			children = (
				273B6CFD1AEB53400089FB28 /* DragonTests.m */,
				273B6CFB1AEB53400089FB28 /* Supporting Files */,
			);
			path = DragonTests;
			sourceTree = "<group>";
		};
		273B6CFB1AEB53400089FB28 /* Supporting Files */ = {
			isa = PBXGroup;
			children = (
				273B6CFC1AEB53400089FB28 /* Info.plist */,
			);
			name = "Supporting Files";
			sourceTree = "<group>";
		};
/* End PBXGroup section */

/* Begin PBXNativeTarget section */
		273B6CDD1AEB53400089FB28 /* Dragon */ = {
			isa = PBXNativeTarget;
			buildConfigurationList = 273B6D011AEB53400089FB28 /* Build configuration list for PBXNativeTarget "Dragon" */;
			buildPhases = (
				273B6CDA1AEB53400089FB28 /* Sources */,
				273B6CDB1AEB53400089FB28 /* Frameworks */,
				273B6CDC1AEB53400089FB28 /* Resources */,
			);
			buildRules = (
			);
			dependencies = (
			);
			name = Dragon;
			productName = Dragon;
			productReference = 273B6CDE1AEB53400089FB28 /* Dragon.app */;
			productType = "com.apple.product-type.application";
		};
		273B6CF61AEB53400089FB28 /* DragonTests */ = {
			isa = PBXNativeTarget;
			buildConfigurationList = 273B6D041AEB53400089FB28 /* Build configuration list for PBXNativeTarget "DragonTests" */;
			buildPhases = (
				273B6CF31AEB53400089FB28 /* Sources */,
				273B6CF41AEB53400089FB28 /* Frameworks */,
				273B6CF51AEB53400089FB28 /* Resources */,
			);
			buildRules = (
			);
			dependencies = (
				273B6CF91AEB53400089FB28 /* PBXTargetDependency */,
			);
			name = DragonTests;
			productName = DragonTests;
			productReference = 273B6CF71AEB53400089FB28 /* DragonTests.xctest */;
			productType = "com.apple.product-type.bundle.unit-test";
		};
/* End PBXNativeTarget section */

/* Begin PBXProject section */
		273B6CD61AEB53400089FB28 /* Project object */ = {
			isa = PBXProject;
			attributes = {
				LastUpgradeCheck = 0610;
				ORGANIZATIONNAME = CoolHead;
				TargetAttributes = {
					273B6CDD1AEB53400089FB28 = {
						CreatedOnToolsVersion = 6.1;
					};
					273B6CF61AEB53400089FB28 = {
						CreatedOnToolsVersion = 6.1;
						TestTargetID = 273B6CDD1AEB53400089FB28;
					};
				};
			};
			buildConfigurationList = 273B6CD91AEB53400089FB28 /* Build configuration list for PBXProject "Dragon" */;
			compatibilityVersion = "Xcode 3.2";
			developmentRegion = English;
			hasScannedForEncodings = 0;
			knownRegions = (
				en,
				Base,
			);
			mainGroup = 273B6CD51AEB53400089FB28;
			productRefGroup = 273B6CDF1AEB53400089FB28 /* Products */;
			projectDirPath = "";
			projectRoot = "";
			targets = (
				273B6CDD1AEB53400089FB28 /* Dragon */,
				273B6CF61AEB53400089FB28 /* DragonTests */,
			);
		};
/* End PBXProject section */

/* Begin PBXResourcesBuildPhase section */
		273B6CDC1AEB53400089FB28 /* Resources */ = {
			isa = PBXResourcesBuildPhase;
			buildActionMask = 2147483647;
			files = (
				273B6D081AEB53F30089FB28 /* DragonPropertiesList.plist in Resources */,
				273B6CED1AEB53400089FB28 /* Main.storyboard in Resources */,
				273B6CF21AEB53400089FB28 /* LaunchScreen.xib in Resources */,
				273B6CEF1AEB53400089FB28 /* Images.xcassets in Resources */,
			);
			runOnlyForDeploymentPostprocessing = 0;
		};
		273B6CF51AEB53400089FB28 /* Resources */ = {
			isa = PBXResourcesBuildPhase;
			buildActionMask = 2147483647;
			files = (
			);
			runOnlyForDeploymentPostprocessing = 0;
		};
/* End PBXResourcesBuildPhase section */

/* Begin PBXSourcesBuildPhase section */
		273B6CDA1AEB53400089FB28 /* Sources */ = {
			isa = PBXSourcesBuildPhase;
			buildActionMask = 2147483647;
			files = (
				273B6CEA1AEB53400089FB28 /* VGLoginViewController.m in Sources */,
				27374AED1AF1C3DE003A1105 /* VGSetPrefViewController.m in Sources */,
				276BDF751AF0A56600D6351A /* VGPassWordTextFieldDelegate.m in Sources */,
				273B6CE71AEB53400089FB28 /* AppDelegate.m in Sources */,
				273B6CE41AEB53400089FB28 /* main.m in Sources */,
				276BDF721AEDB97C00D6351A /* VGSetPasswordViewController.m in Sources */,
			);
			runOnlyForDeploymentPostprocessing = 0;
		};
		273B6CF31AEB53400089FB28 /* Sources */ = {
			isa = PBXSourcesBuildPhase;
			buildActionMask = 2147483647;
			files = (
				273B6CFE1AEB53400089FB28 /* DragonTests.m in Sources */,
			);
			runOnlyForDeploymentPostprocessing = 0;
		};
/* End PBXSourcesBuildPhase section */

/* Begin PBXTargetDependency section */
		273B6CF91AEB53400089FB28 /* PBXTargetDependency */ = {
			isa = PBXTargetDependency;
			target = 273B6CDD1AEB53400089FB28 /* Dragon */;
			targetProxy = 273B6CF81AEB53400089FB28 /* PBXContainerItemProxy */;
		};
/* End PBXTargetDependency section */

/* Begin PBXVariantGroup section */
		273B6CEB1AEB53400089FB28 /* Main.storyboard */ = {
			isa = PBXVariantGroup;
			children = (
				273B6CEC1AEB53400089FB28 /* Base */,
			);
			name = Main.storyboard;
			sourceTree = "<group>";
		};
		273B6CF01AEB53400089FB28 /* LaunchScreen.xib */ = {
			isa = PBXVariantGroup;
			children = (
				273B6CF11AEB53400089FB28 /* Base */,
			);
			name = LaunchScreen.xib;
			sourceTree = "<group>";
		};
/* End PBXVariantGroup section */

/* Begin XCBuildConfiguration section */
		273B6CFF1AEB53400089FB28 /* Debug */ = {
			isa = XCBuildConfiguration;
			buildSettings = {
				ALWAYS_SEARCH_USER_PATHS = NO;
				CLANG_CXX_LANGUAGE_STANDARD = "gnu++0x";
				CLANG_CXX_LIBRARY = "libc++";
				CLANG_ENABLE_MODULES = YES;
				CLANG_ENABLE_OBJC_ARC = YES;
				CLANG_WARN_BOOL_CONVERSION = YES;
				CLANG_WARN_CONSTANT_CONVERSION = YES;
				CLANG_WARN_DIRECT_OBJC_ISA_USAGE = YES_ERROR;
				CLANG_WARN_EMPTY_BODY = YES;
				CLANG_WARN_ENUM_CONVERSION = YES;
				CLANG_WARN_INT_CONVERSION = YES;
				CLANG_WARN_OBJC_ROOT_CLASS = YES_ERROR;
				CLANG_WARN_UNREACHABLE_CODE = YES;
				CLANG_WARN__DUPLICATE_METHOD_MATCH = YES;
				"CODE_SIGN_IDENTITY[sdk=iphoneos*]" = "iPhone Developer";
				COPY_PHASE_STRIP = NO;
				ENABLE_STRICT_OBJC_MSGSEND = YES;
				GCC_C_LANGUAGE_STANDARD = gnu99;
				GCC_DYNAMIC_NO_PIC = NO;
				GCC_OPTIMIZATION_LEVEL = 0;
				GCC_PREPROCESSOR_DEFINITIONS = (
					"DEBUG=1",
					"$(inherited)",
				);
				GCC_SYMBOLS_PRIVATE_EXTERN = NO;
				GCC_WARN_64_TO_32_BIT_CONVERSION = YES;
				GCC_WARN_ABOUT_RETURN_TYPE = YES_ERROR;
				GCC_WARN_UNDECLARED_SELECTOR = YES;
				GCC_WARN_UNINITIALIZED_AUTOS = YES_AGGRESSIVE;
				GCC_WARN_UNUSED_FUNCTION = YES;
				GCC_WARN_UNUSED_VARIABLE = YES;
				IPHONEOS_DEPLOYMENT_TARGET = 8.1;
				MTL_ENABLE_DEBUG_INFO = YES;
				ONLY_ACTIVE_ARCH = YES;
				SDKROOT = iphoneos;
				TARGETED_DEVICE_FAMILY = "1,2";
			};
			name = Debug;
		};
		273B6D001AEB53400089FB28 /* Release */ = {
			isa = XCBuildConfiguration;
			buildSettings = {
				ALWAYS_SEARCH_USER_PATHS = NO;
				CLANG_CXX_LANGUAGE_STANDARD = "gnu++0x";
				CLANG_CXX_LIBRARY = "libc++";
				CLANG_ENABLE_MODULES = YES;
				CLANG_ENABLE_OBJC_ARC = YES;
				CLANG_WARN_BOOL_CONVERSION = YES;
				CLANG_WARN_CONSTANT_CONVERSION = YES;
				CLANG_WARN_DIRECT_OBJC_ISA_USAGE = YES_ERROR;
				CLANG_WARN_EMPTY_BODY = YES;
				CLANG_WARN_ENUM_CONVERSION = YES;
				CLANG_WARN_INT_CONVERSION = YES;
				CLANG_WARN_OBJC_ROOT_CLASS = YES_ERROR;
				CLANG_WARN_UNREACHABLE_CODE = YES;
				CLANG_WARN__DUPLICATE_METHOD_MATCH = YES;
				"CODE_SIGN_IDENTITY[sdk=iphoneos*]" = "iPhone Developer";
				COPY_PHASE_STRIP = YES;
				ENABLE_NS_ASSERTIONS = NO;
				ENABLE_STRICT_OBJC_MSGSEND = YES;
				GCC_C_LANGUAGE_STANDARD = gnu99;
				GCC_WARN_64_TO_32_BIT_CONVERSION = YES;
				GCC_WARN_ABOUT_RETURN_TYPE = YES_ERROR;
				GCC_WARN_UNDECLARED_SELECTOR = YES;
				GCC_WARN_UNINITIALIZED_AUTOS = YES_AGGRESSIVE;
				GCC_WARN_UNUSED_FUNCTION = YES;
				GCC_WARN_UNUSED_VARIABLE = YES;
				IPHONEOS_DEPLOYMENT_TARGET = 8.1;
				MTL_ENABLE_DEBUG_INFO = NO;
				SDKROOT = iphoneos;
				TARGETED_DEVICE_FAMILY = "1,2";
				VALIDATE_PRODUCT = YES;
			};
			name = Release;
		};
		273B6D021AEB53400089FB28 /* Debug */ = {
			isa = XCBuildConfiguration;
			buildSettings = {
				ASSETCATALOG_COMPILER_APPICON_NAME = AppIcon;
				INFOPLIST_FILE = Dragon/Info.plist;
				LD_RUNPATH_SEARCH_PATHS = "$(inherited) @executable_path/Frameworks";
				PRODUCT_NAME = "$(TARGET_NAME)";
			};
			name = Debug;
		};
		273B6D031AEB53400089FB28 /* Release */ = {
			isa = XCBuildConfiguration;
			buildSettings = {
				ASSETCATALOG_COMPILER_APPICON_NAME = AppIcon;
				INFOPLIST_FILE = Dragon/Info.plist;
				LD_RUNPATH_SEARCH_PATHS = "$(inherited) @executable_path/Frameworks";
				PRODUCT_NAME = "$(TARGET_NAME)";
			};
			name = Release;
		};
		273B6D051AEB53400089FB28 /* Debug */ = {
			isa = XCBuildConfiguration;
			buildSettings = {
				BUNDLE_LOADER = "$(TEST_HOST)";
				FRAMEWORK_SEARCH_PATHS = (
					"$(SDKROOT)/Developer/Library/Frameworks",
					"$(inherited)",
				);
				GCC_PREPROCESSOR_DEFINITIONS = (
					"DEBUG=1",
					"$(inherited)",
				);
				INFOPLIST_FILE = DragonTests/Info.plist;
				LD_RUNPATH_SEARCH_PATHS = "$(inherited) @executable_path/Frameworks @loader_path/Frameworks";
				PRODUCT_NAME = "$(TARGET_NAME)";
				TEST_HOST = "$(BUILT_PRODUCTS_DIR)/Dragon.app/Dragon";
			};
			name = Debug;
		};
		273B6D061AEB53400089FB28 /* Release */ = {
			isa = XCBuildConfiguration;
			buildSettings = {
				BUNDLE_LOADER = "$(TEST_HOST)";
				FRAMEWORK_SEARCH_PATHS = (
					"$(SDKROOT)/Developer/Library/Frameworks",
					"$(inherited)",
				);
				INFOPLIST_FILE = DragonTests/Info.plist;
				LD_RUNPATH_SEARCH_PATHS = "$(inherited) @executable_path/Frameworks @loader_path/Frameworks";
				PRODUCT_NAME = "$(TARGET_NAME)";
				TEST_HOST = "$(BUILT_PRODUCTS_DIR)/Dragon.app/Dragon";
			};
			name = Release;
		};
/* End XCBuildConfiguration section */

/* Begin XCConfigurationList section */
		273B6CD91AEB53400089FB28 /* Build configuration list for PBXProject "Dragon" */ = {
			isa = XCConfigurationList;
			buildConfigurations = (
				273B6CFF1AEB53400089FB28 /* Debug */,
				273B6D001AEB53400089FB28 /* Release */,
			);
			defaultConfigurationIsVisible = 0;
			defaultConfigurationName = Release;
		};
		273B6D011AEB53400089FB28 /* Build configuration list for PBXNativeTarget "Dragon" */ = {
			isa = XCConfigurationList;
			buildConfigurations = (
				273B6D021AEB53400089FB28 /* Debug */,
				273B6D031AEB53400089FB28 /* Release */,
			);
			defaultConfigurationIsVisible = 0;
			defaultConfigurationName = Release;
		};
		273B6D041AEB53400089FB28 /* Build configuration list for PBXNativeTarget "DragonTests" */ = {
			isa = XCConfigurationList;
			buildConfigurations = (
				273B6D051AEB53400089FB28 /* Debug */,
				273B6D061AEB53400089FB28 /* Release */,
			);
			defaultConfigurationIsVisible = 0;
			defaultConfigurationName = Release;
		};
/* End XCConfigurationList section */
	};
	rootObject = 273B6CD61AEB53400089FB28 /* Project object */;
}
